// !$*UTF8*$!
{
	archiveVersion = 1;
	classes = {
	};
	objectVersion = 77;
	objects = {

/* Begin PBXBuildFile section */
		C30B87BB2FD14B6600E6626B /* GoogleMobileAds in Frameworks */ = {isa = PBXBuildFile; productRef = C30B87BA2FD14B6600E6626B /* GoogleMobileAds */; };
/* End PBXBuildFile section */

/* Begin PBXContainerItemProxy section */
		C3FDAF7E2F45A8F9000E0FEE /* PBXContainerItemProxy */ = {
			isa = PBXContainerItemProxy;
			containerPortal = C3FDAF682F45A8F6000E0FEE /* Project object */;
			proxyType = 1;
			remoteGlobalIDString = C3FDAF6F2F45A8F6000E0FEE;
			remoteInfo = WorldCup2026;
		};
		C3FDAF882F45A8F9000E0FEE /* PBXContainerItemProxy */ = {
			isa = PBXContainerItemProxy;
			containerPortal = C3FDAF682F45A8F6000E0FEE /* Project object */;
			proxyType = 1;
			remoteGlobalIDString = C3FDAF6F2F45A8F6000E0FEE;
			remoteInfo = WorldCup2026;
		};
/* End PBXContainerItemProxy section */

/* Begin PBXFileReference section */
		C3FDAF702F45A8F6000E0FEE /* WorldCup2026.app */ = {isa = PBXFileReference; explicitFileType = wrapper.application; includeInIndex = 0; path = WorldCup2026.app; sourceTree = BUILT_PRODUCTS_DIR; };
		C3FDAF7D2F45A8F9000E0FEE /* WorldCup2026Tests.xctest */ = {isa = PBXFileReference; explicitFileType = wrapper.cfbundle; includeInIndex = 0; path = WorldCup2026Tests.xctest; sourceTree = BUILT_PRODUCTS_DIR; };
		C3FDAF872F45A8F9000E0FEE /* WorldCup2026UITests.xctest */ = {isa = PBXFileReference; explicitFileType = wrapper.cfbundle; includeInIndex = 0; path = WorldCup2026UITests.xctest; sourceTree = BUILT_PRODUCTS_DIR; };
/* End PBXFileReference section */

/* Begin PBXFileSystemSynchronizedBuildFileExceptionSet section */
		C30B87BD2FD14B9400E6626B /* Exceptions for "WorldCup2026" folder in "WorldCup2026" target */ = {
			isa = PBXFileSystemSynchronizedBuildFileExceptionSet;
			membershipExceptions = (
				Info.plist,
			);
			target = C3FDAF6F2F45A8F6000E0FEE /* WorldCup2026 */;
		};
/* End PBXFileSystemSynchronizedBuildFileExceptionSet section */

/* Begin PBXFileSystemSynchronizedRootGroup section */
		C3FDAF722F45A8F6000E0FEE /* WorldCup2026 */ = {
			isa = PBXFileSystemSynchronizedRootGroup;
			exceptions = (
				C30B87BD2FD14B9400E6626B /* Exceptions for "WorldCup2026" folder in "WorldCup2026" target */,
			);
			path = WorldCup2026;
			sourceTree = "<group>";
		};
		C3FDAF802F45A8F9000E0FEE /* WorldCup2026Tests */ = {
			isa = PBXFileSystemSynchronizedRootGroup;
			path = WorldCup2026Tests;
			sourceTree = "<group>";
		};
		C3FDAF8A2F45A8F9000E0FEE /* WorldCup2026UITests */ = {
			isa = PBXFileSystemSynchronizedRootGroup;
			path = WorldCup2026UITests;
			sourceTree = "<group>";
		};
/* End PBXFileSystemSynchronizedRootGroup section */

/* Begin PBXFrameworksBuildPhase section */
		C3FDAF6D2F45A8F6000E0FEE /* Frameworks */ = {
			isa = PBXFrameworksBuildPhase;
			buildActionMask = 2147483647;
			files = (
				C30B87BB2FD14B6600E6626B /* GoogleMobileAds in Frameworks */,
			);
			runOnlyForDeploymentPostprocessing = 0;
		};
		C3FDAF7A2F45A8F9000E0FEE /* Frameworks */ = {
			isa = PBXFrameworksBuildPhase;
			buildActionMask = 2147483647;
			files = (
			);
			runOnlyForDeploymentPostprocessing = 0;
		};
		C3FDAF842F45A8F9000E0FEE /* Frameworks */ = {
			isa = PBXFrameworksBuildPhase;
			buildActionMask = 2147483647;
			files = (
			);
			runOnlyForDeploymentPostprocessing = 0;
		};
/* End PBXFrameworksBuildPhase section */

/* Begin PBXGroup section */
		C3FDAF672F45A8F6000E0FEE = {
			isa = PBXGroup;
			children = (
				C3FDAF722F45A8F6000E0FEE /* WorldCup2026 */,
				C3FDAF802F45A8F9000E0FEE /* WorldCup2026Tests */,
				C3FDAF8A2F45A8F9000E0FEE /* WorldCup2026UITests */,
				C3FDAF712F45A8F6000E0FEE /* Products */,
			);
			sourceTree = "<group>";
		};
		C3FDAF712F45A8F6000E0FEE /* Products */ = {
			isa = PBXGroup;
			children = (
				C3FDAF702F45A8F6000E0FEE /* WorldCup2026.app */,
				C3FDAF7D2F45A8F9000E0FEE /* WorldCup2026Tests.xctest */,
				C3FDAF872F45A8F9000E0FEE /* WorldCup2026UITests.xctest */,
			);
			name = Products;
			sourceTree = "<group>";
		};
/* End PBXGroup section */

/* Begin PBXNativeTarget section */
		C3FDAF6F2F45A8F6000E0FEE /* WorldCup2026 */ = {
			isa = PBXNativeTarget;
			buildConfigurationList = C3FDAF912F45A8F9000E0FEE /* Build configuration list for PBXNativeTarget "WorldCup2026" */;
			buildPhases = (
				C3FDAF6C2F45A8F6000E0FEE /* Sources */,
				C3FDAF6D2F45A8F6000E0FEE /* Frameworks */,
				C3FDAF6E2F45A8F6000E0FEE /* Resources */,
			);
			buildRules = (
			);
			dependencies = (
			);
			fileSystemSynchronizedGroups = (
				C3FDAF722F45A8F6000E0FEE /* WorldCup2026 */,
			);
			name = WorldCup2026;
			packageProductDependencies = (
				C30B87BA2FD14B6600E6626B /* GoogleMobileAds */,
			);
			productName = WorldCup2026;
			productReference = C3FDAF702F45A8F6000E0FEE /* WorldCup2026.app */;
			productType = "com.apple.product-type.application";
		};
		C3FDAF7C2F45A8F9000E0FEE /* WorldCup2026Tests */ = {
			isa = PBXNativeTarget;
			buildConfigurationList = C3FDAF942F45A8F9000E0FEE /* Build configuration list for PBXNativeTarget "WorldCup2026Tests" */;
			buildPhases = (
				C3FDAF792F45A8F9000E0FEE /* Sources */,
				C3FDAF7A2F45A8F9000E0FEE /* Frameworks */,
				C3FDAF7B2F45A8F9000E0FEE /* Resources */,
			);
			buildRules = (
			);
			dependencies = (
				C3FDAF7F2F45A8F9000E0FEE /* PBXTargetDependency */,
			);
			fileSystemSynchronizedGroups = (
				C3FDAF802F45A8F9000E0FEE /* WorldCup2026Tests */,
			);
			name = WorldCup2026Tests;
			packageProductDependencies = (
			);
			productName = WorldCup2026Tests;
			productReference = C3FDAF7D2F45A8F9000E0FEE /* WorldCup2026Tests.xctest */;
			productType = "com.apple.product-type.bundle.unit-test";
		};
		C3FDAF862F45A8F9000E0FEE /* WorldCup2026UITests */ = {
			isa = PBXNativeTarget;
			buildConfigurationList = C3FDAF972F45A8F9000E0FEE /* Build configuration list for PBXNativeTarget "WorldCup2026UITests" */;
			buildPhases = (
				C3FDAF832F45A8F9000E0FEE /* Sources */,
				C3FDAF842F45A8F9000E0FEE /* Frameworks */,
				C3FDAF852F45A8F9000E0FEE /* Resources */,
			);
			buildRules = (
			);
			dependencies = (
				C3FDAF892F45A8F9000E0FEE /* PBXTargetDependency */,
			);
			fileSystemSynchronizedGroups = (
				C3FDAF8A2F45A8F9000E0FEE /* WorldCup2026UITests */,
			);
			name = WorldCup2026UITests;
			packageProductDependencies = (
			);
			productName = WorldCup2026UITests;
			productReference = C3FDAF872F45A8F9000E0FEE /* WorldCup2026UITests.xctest */;
			productType = "com.apple.product-type.bundle.ui-testing";
		};
/* End PBXNativeTarget section */

/* Begin PBXProject section */
		C3FDAF682F45A8F6000E0FEE /* Project object */ = {
			isa = PBXProject;
			attributes = {
				BuildIndependentTargetsInParallel = 1;
				LastSwiftUpdateCheck = 2620;
				LastUpgradeCheck = 2620;
				TargetAttributes = {
					C3FDAF6F2F45A8F6000E0FEE = {
						CreatedOnToolsVersion = 26.2;
					};
					C3FDAF7C2F45A8F9000E0FEE = {
						CreatedOnToolsVersion = 26.2;
						TestTargetID = C3FDAF6F2F45A8F6000E0FEE;
					};
					C3FDAF862F45A8F9000E0FEE = {
						CreatedOnToolsVersion = 26.2;
						TestTargetID = C3FDAF6F2F45A8F6000E0FEE;
					};
				};
			};
			buildConfigurationList = C3FDAF6B2F45A8F6000E0FEE /* Build configuration list for PBXProject "WorldCup2026" */;
			developmentRegion = en;
			hasScannedForEncodings = 0;
			knownRegions = (
				en,
				Base,
				"en-US",
				fr,
				es,
				de,
				"pt-BR",
				"zh-Hans",
				ja,
				it,
			);
			mainGroup = C3FDAF672F45A8F6000E0FEE;
			minimizedProjectReferenceProxies = 1;
			packageReferences = (
				C30B87B92FD14B6600E6626B /* XCRemoteSwiftPackageReference "swift-package-manager-google-mobile-ads" */,
			);
			preferredProjectObjectVersion = 77;
			productRefGroup = C3FDAF712F45A8F6000E0FEE /* Products */;
			projectDirPath = "";
			projectRoot = "";
			targets = (
				C3FDAF6F2F45A8F6000E0FEE /* WorldCup2026 */,
				C3FDAF7C2F45A8F9000E0FEE /* WorldCup2026Tests */,
				C3FDAF862F45A8F9000E0FEE /* WorldCup2026UITests */,
			);
		};
/* End PBXProject section */

/* Begin PBXResourcesBuildPhase section */
		C3FDAF6E2F45A8F6000E0FEE /* Resources */ = {
			isa = PBXResourcesBuildPhase;
			buildActionMask = 2147483647;
			files = (
			);
			runOnlyForDeploymentPostprocessing = 0;
		};
		C3FDAF7B2F45A8F9000E0FEE /* Resources */ = {
			isa = PBXResourcesBuildPhase;
			buildActionMask = 2147483647;
			files = (
			);
			runOnlyForDeploymentPostprocessing = 0;
		};
		C3FDAF852F45A8F9000E0FEE /* Resources */ = {
			isa = PBXResourcesBuildPhase;
			buildActionMask = 2147483647;
			files = (
			);
			runOnlyForDeploymentPostprocessing = 0;
		};
/* End PBXResourcesBuildPhase section */

/* Begin PBXSourcesBuildPhase section */
		C3FDAF6C2F45A8F6000E0FEE /* Sources */ = {
			isa = PBXSourcesBuildPhase;
			buildActionMask = 2147483647;
			files = (
			);
			runOnlyForDeploymentPostprocessing = 0;
		};
		C3FDAF792F45A8F9000E0FEE /* Sources */ = {
			isa = PBXSourcesBuildPhase;
			buildActionMask = 2147483647;
			files = (
			);
			runOnlyForDeploymentPostprocessing = 0;
		};
		C3FDAF832F45A8F9000E0FEE /* Sources */ = {
			isa = PBXSourcesBuildPhase;
			buildActionMask = 2147483647;
			files = (
			);
			runOnlyForDeploymentPostprocessing = 0;
		};
/* End PBXSourcesBuildPhase section */

/* Begin PBXTargetDependency section */
		C3FDAF7F2F45A8F9000E0FEE /* PBXTargetDependency */ = {
			isa = PBXTargetDependency;
			target = C3FDAF6F2F45A8F6000E0FEE /* WorldCup2026 */;
			targetProxy = C3FDAF7E2F45A8F9000E0FEE /* PBXContainerItemProxy */;
		};
		C3FDAF892F45A8F9000E0FEE /* PBXTargetDependency */ = {
			isa = PBXTargetDependency;
			target = C3FDAF6F2F45A8F6000E0FEE /* WorldCup2026 */;
			targetProxy = C3FDAF882F45A8F9000E0FEE /* PBXContainerItemProxy */;
		};
/* End PBXTargetDependency section */

/* Begin XCBuildConfiguration section */
		C3FDAF8F2F45A8F9000E0FEE /* Debug */ = {
			isa = XCBuildConfiguration;
			buildSettings = {
				ALWAYS_SEARCH_USER_PATHS = NO;
				ASSETCATALOG_COMPILER_GENERATE_SWIFT_ASSET_SYMBOL_EXTENSIONS = YES;
				CLANG_ANALYZER_NONNULL = YES;
				CLANG_ANALYZER_NUMBER_OBJECT_CONVERSION = YES_AGGRESSIVE;
				CLANG_CXX_LANGUAGE_STANDARD = "gnu++20";
				CLANG_ENABLE_MODULES = YES;
				CLANG_ENABLE_OBJC_ARC = YES;
				CLANG_ENABLE_OBJC_WEAK = YES;
				CLANG_WARN_BLOCK_CAPTURE_AUTORELEASING = YES;
				CLANG_WARN_BOOL_CONVERSION = YES;
				CLANG_WARN_COMMA = YES;
				CLANG_WARN_CONSTANT_CONVERSION = YES;
				CLANG_WARN_DEPRECATED_OBJC_IMPLEMENTATIONS = YES;
				CLANG_WARN_DIRECT_OBJC_ISA_USAGE = YES_ERROR;
				CLANG_WARN_DOCUMENTATION_COMMENTS = YES;
				CLANG_WARN_EMPTY_BODY = YES;
				CLANG_WARN_ENUM_CONVERSION = YES;
				CLANG_WARN_INFINITE_RECURSION = YES;
				CLANG_WARN_INT_CONVERSION = YES;
				CLANG_WARN_NON_LITERAL_NULL_CONVERSION = YES;
				CLANG_WARN_OBJC_IMPLICIT_RETAIN_SELF = YES;
				CLANG_WARN_OBJC_LITERAL_CONVERSION = YES;
				CLANG_WARN_OBJC_ROOT_CLASS = YES_ERROR;
				CLANG_WARN_QUOTED_INCLUDE_IN_FRAMEWORK_HEADER = YES;
				CLANG_WARN_RANGE_LOOP_ANALYSIS = YES;
				CLANG_WARN_STRICT_PROTOTYPES = YES;
				CLANG_WARN_SUSPICIOUS_MOVE = YES;
				CLANG_WARN_UNGUARDED_AVAILABILITY = YES_AGGRESSIVE;
				CLANG_WARN_UNREACHABLE_CODE = YES;
				CLANG_WARN__DUPLICATE_METHOD_MATCH = YES;
				COPY_PHASE_STRIP = NO;
				DEBUG_INFORMATION_FORMAT = dwarf;
				DEVELOPMENT_TEAM = H9A369XBG2;
				ENABLE_STRICT_OBJC_MSGSEND = YES;
				ENABLE_TESTABILITY = YES;
				ENABLE_USER_SCRIPT_SANDBOXING = YES;
				GCC_C_LANGUAGE_STANDARD = gnu17;
				GCC_DYNAMIC_NO_PIC = NO;
				GCC_NO_COMMON_BLOCKS = YES;
				GCC_OPTIMIZATION_LEVEL = 0;
				GCC_PREPROCESSOR_DEFINITIONS = (
					"DEBUG=1",
					"$(inherited)",
				);
				GCC_WARN_64_TO_32_BIT_CONVERSION = YES;
				GCC_WARN_ABOUT_RETURN_TYPE = YES_ERROR;
				GCC_WARN_UNDECLARED_SELECTOR = YES;
				GCC_WARN_UNINITIALIZED_AUTOS = YES_AGGRESSIVE;
				GCC_WARN_UNUSED_FUNCTION = YES;
				GCC_WARN_UNUSED_VARIABLE = YES;
				IPHONEOS_DEPLOYMENT_TARGET = 26.2;
				LOCALIZATION_PREFERS_STRING_CATALOGS = YES;
				MTL_ENABLE_DEBUG_INFO = INCLUDE_SOURCE;
				MTL_FAST_MATH = YES;
				ONLY_ACTIVE_ARCH = YES;
				SDKROOT = iphoneos;
				SWIFT_ACTIVE_COMPILATION_CONDITIONS = "DEBUG $(inherited)";
				SWIFT_OPTIMIZATION_LEVEL = "-Onone";
			};
			name = Debug;
		};
		C3FDAF902F45A8F9000E0FEE /* Release */ = {
			isa = XCBuildConfiguration;
			buildSettings = {
				ALWAYS_SEARCH_USER_PATHS = NO;
				ASSETCATALOG_COMPILER_GENERATE_SWIFT_ASSET_SYMBOL_EXTENSIONS = YES;
				CLANG_ANALYZER_NONNULL = YES;
				CLANG_ANALYZER_NUMBER_OBJECT_CONVERSION = YES_AGGRESSIVE;
				CLANG_CXX_LANGUAGE_STANDARD = "gnu++20";
				CLANG_ENABLE_MODULES = YES;
				CLANG_ENABLE_OBJC_ARC = YES;
				CLANG_ENABLE_OBJC_WEAK = YES;
				CLANG_WARN_BLOCK_CAPTURE_AUTORELEASING = YES;
				CLANG_WARN_BOOL_CONVERSION = YES;
				CLANG_WARN_COMMA = YES;
				CLANG_WARN_CONSTANT_CONVERSION = YES;
				CLANG_WARN_DEPRECATED_OBJC_IMPLEMENTATIONS = YES;
				CLANG_WARN_DIRECT_OBJC_ISA_USAGE = YES_ERROR;
				CLANG_WARN_DOCUMENTATION_COMMENTS = YES;
				CLANG_WARN_EMPTY_BODY = YES;
				CLANG_WARN_ENUM_CONVERSION = YES;
				CLANG_WARN_INFINITE_RECURSION = YES;
				CLANG_WARN_INT_CONVERSION = YES;
				CLANG_WARN_NON_LITERAL_NULL_CONVERSION = YES;
				CLANG_WARN_OBJC_IMPLICIT_RETAIN_SELF = YES;
				CLANG_WARN_OBJC_LITERAL_CONVERSION = YES;
				CLANG_WARN_OBJC_ROOT_CLASS = YES_ERROR;
				CLANG_WARN_QUOTED_INCLUDE_IN_FRAMEWORK_HEADER = YES;
				CLANG_WARN_RANGE_LOOP_ANALYSIS = YES;
				CLANG_WARN_STRICT_PROTOTYPES = YES;
				CLANG_WARN_SUSPICIOUS_MOVE = YES;
				CLANG_WARN_UNGUARDED_AVAILABILITY = YES_AGGRESSIVE;
				CLANG_WARN_UNREACHABLE_CODE = YES;
				CLANG_WARN__DUPLICATE_METHOD_MATCH = YES;
				COPY_PHASE_STRIP = NO;
				DEBUG_INFORMATION_FORMAT = "dwarf-with-dsym";
				DEVELOPMENT_TEAM = H9A369XBG2;
				ENABLE_NS_ASSERTIONS = NO;
				ENABLE_STRICT_OBJC_MSGSEND = YES;
				ENABLE_USER_SCRIPT_SANDBOXING = YES;
				GCC_C_LANGUAGE_STANDARD = gnu17;
				GCC_NO_COMMON_BLOCKS = YES;
				GCC_WARN_64_TO_32_BIT_CONVERSION = YES;
				GCC_WARN_ABOUT_RETURN_TYPE = YES_ERROR;
				GCC_WARN_UNDECLARED_SELECTOR = YES;
				GCC_WARN_UNINITIALIZED_AUTOS = YES_AGGRESSIVE;
				GCC_WARN_UNUSED_FUNCTION = YES;
				GCC_WARN_UNUSED_VARIABLE = YES;
				IPHONEOS_DEPLOYMENT_TARGET = 26.2;
				LOCALIZATION_PREFERS_STRING_CATALOGS = YES;
				MTL_ENABLE_DEBUG_INFO = NO;
				MTL_FAST_MATH = YES;
				SDKROOT = iphoneos;
				SWIFT_COMPILATION_MODE = wholemodule;
				VALIDATE_PRODUCT = YES;
			};
			name = Release;
		};
		C3FDAF922F45A8F9000E0FEE /* Debug */ = {
			isa = XCBuildConfiguration;
			buildSettings = {
				ASSETCATALOG_COMPILER_APPICON_NAME = AppIcon;
				ASSETCATALOG_COMPILER_GLOBAL_ACCENT_COLOR_NAME = AccentColor;
				CODE_SIGN_STYLE = Automatic;
				CURRENT_PROJECT_VERSION = 5;
				DEVELOPMENT_TEAM = H9A369XBG2;
				ENABLE_PREVIEWS = YES;
				GENERATE_INFOPLIST_FILE = YES;
				INFOPLIST_FILE = WorldCup2026/Info.plist;
				INFOPLIST_KEY_CFBundleDisplayName = "Football 2026";
				INFOPLIST_KEY_LSApplicationCategoryType = "public.app-category.sports";
				INFOPLIST_KEY_UIApplicationSceneManifest_Generation = YES;
				INFOPLIST_KEY_UIApplicationSupportsIndirectInputEvents = YES;
				INFOPLIST_KEY_UILaunchScreen_Generation = YES;
				INFOPLIST_KEY_UISupportedInterfaceOrientations_iPad = "UIInterfaceOrientationPortrait UIInterfaceOrientationPortraitUpsideDown UIInterfaceOrientationLandscapeLeft UIInterfaceOrientationLandscapeRight";
				INFOPLIST_KEY_UISupportedInterfaceOrientations_iPhone = "UIInterfaceOrientationPortrait UIInterfaceOrientationLandscapeLeft UIInterfaceOrientationLandscapeRight";
				INFOPLIST_KEY_UIUserInterfaceStyle = Light;
				IPHONEOS_DEPLOYMENT_TARGET = 17.6;
				LD_RUNPATH_SEARCH_PATHS = (
					"$(inherited)",
					"@executable_path/Frameworks",
				);
				MARKETING_VERSION = 1.0.2;
				PRODUCT_BUNDLE_IDENTIFIER = com.mm.WorldCup2026;
				PRODUCT_NAME = "$(TARGET_NAME)";
				STRING_CATALOG_GENERATE_SYMBOLS = YES;
				SUPPORTED_PLATFORMS = "iphoneos iphonesimulator";
				SUPPORTS_MACCATALYST = NO;
				SUPPORTS_MAC_DESIGNED_FOR_IPHONE_IPAD = NO;
				SUPPORTS_XR_DESIGNED_FOR_IPHONE_IPAD = NO;
				SWIFT_APPROACHABLE_CONCURRENCY = YES;
				SWIFT_DEFAULT_ACTOR_ISOLATION = MainActor;
				SWIFT_EMIT_LOC_STRINGS = YES;
				SWIFT_UPCOMING_FEATURE_MEMBER_IMPORT_VISIBILITY = YES;
				SWIFT_VERSION = 5.0;
				TARGETED_DEVICE_FAMILY = "1,2";
			};
			name = Debug;
		};
		C3FDAF932F45A8F9000E0FEE /* Release */ = {
			isa = XCBuildConfiguration;
			buildSettings = {
				ASSETCATALOG_COMPILER_APPICON_NAME = AppIcon;
				ASSETCATALOG_COMPILER_GLOBAL_ACCENT_COLOR_NAME = AccentColor;
				CODE_SIGN_STYLE = Automatic;
				CURRENT_PROJECT_VERSION = 5;
				DEVELOPMENT_TEAM = H9A369XBG2;
				ENABLE_PREVIEWS = YES;
				GENERATE_INFOPLIST_FILE = YES;
				INFOPLIST_FILE = WorldCup2026/Info.plist;
				INFOPLIST_KEY_CFBundleDisplayName = "Football 2026";
				INFOPLIST_KEY_LSApplicationCategoryType = "public.app-category.sports";
				INFOPLIST_KEY_UIApplicationSceneManifest_Generation = YES;
				INFOPLIST_KEY_UIApplicationSupportsIndirectInputEvents = YES;
				INFOPLIST_KEY_UILaunchScreen_Generation = YES;
				INFOPLIST_KEY_UISupportedInterfaceOrientations_iPad = "UIInterfaceOrientationPortrait UIInterfaceOrientationPortraitUpsideDown UIInterfaceOrientationLandscapeLeft UIInterfaceOrientationLandscapeRight";
				INFOPLIST_KEY_UISupportedInterfaceOrientations_iPhone = "UIInterfaceOrientationPortrait UIInterfaceOrientationLandscapeLeft UIInterfaceOrientationLandscapeRight";
				INFOPLIST_KEY_UIUserInterfaceStyle = Light;
				IPHONEOS_DEPLOYMENT_TARGET = 17.6;
				LD_RUNPATH_SEARCH_PATHS = (
					"$(inherited)",
					"@executable_path/Frameworks",
				);
				MARKETING_VERSION = 1.0.2;
				PRODUCT_BUNDLE_IDENTIFIER = com.mm.WorldCup2026;
				PRODUCT_NAME = "$(TARGET_NAME)";
				STRING_CATALOG_GENERATE_SYMBOLS = YES;
				SUPPORTED_PLATFORMS = "iphoneos iphonesimulator";
				SUPPORTS_MACCATALYST = NO;
				SUPPORTS_MAC_DESIGNED_FOR_IPHONE_IPAD = NO;
				SUPPORTS_XR_DESIGNED_FOR_IPHONE_IPAD = NO;
				SWIFT_APPROACHABLE_CONCURRENCY = YES;
				SWIFT_DEFAULT_ACTOR_ISOLATION = MainActor;
				SWIFT_EMIT_LOC_STRINGS = YES;
				SWIFT_UPCOMING_FEATURE_MEMBER_IMPORT_VISIBILITY = YES;
				SWIFT_VERSION = 5.0;
				TARGETED_DEVICE_FAMILY = "1,2";
			};
			name = Release;
		};
		C3FDAF952F45A8F9000E0FEE /* Debug */ = {
			isa = XCBuildConfiguration;
			buildSettings = {
				BUNDLE_LOADER = "$(TEST_HOST)";
				CODE_SIGN_STYLE = Automatic;
				CURRENT_PROJECT_VERSION = 1;
				DEVELOPMENT_TEAM = H9A369XBG2;
				GENERATE_INFOPLIST_FILE = YES;
				IPHONEOS_DEPLOYMENT_TARGET = 26.2;
				MARKETING_VERSION = 1.0;
				PRODUCT_BUNDLE_IDENTIFIER = com.mm.WorldCup2026Tests;
				PRODUCT_NAME = "$(TARGET_NAME)";
				STRING_CATALOG_GENERATE_SYMBOLS = NO;
				SWIFT_APPROACHABLE_CONCURRENCY = YES;
				SWIFT_EMIT_LOC_STRINGS = NO;
				SWIFT_UPCOMING_FEATURE_MEMBER_IMPORT_VISIBILITY = YES;
				SWIFT_VERSION = 5.0;
				TARGETED_DEVICE_FAMILY = "1,2";
				TEST_HOST = "$(BUILT_PRODUCTS_DIR)/WorldCup2026.app/$(BUNDLE_EXECUTABLE_FOLDER_PATH)/WorldCup2026";
			};
			name = Debug;
		};
		C3FDAF962F45A8F9000E0FEE /* Release */ = {
			isa = XCBuildConfiguration;
			buildSettings = {
				BUNDLE_LOADER = "$(TEST_HOST)";
				CODE_SIGN_STYLE = Automatic;
				CURRENT_PROJECT_VERSION = 1;
				DEVELOPMENT_TEAM = H9A369XBG2;
				GENERATE_INFOPLIST_FILE = YES;
				IPHONEOS_DEPLOYMENT_TARGET = 26.2;
				MARKETING_VERSION = 1.0;
				PRODUCT_BUNDLE_IDENTIFIER = com.mm.WorldCup2026Tests;
				PRODUCT_NAME = "$(TARGET_NAME)";
				STRING_CATALOG_GENERATE_SYMBOLS = NO;
				SWIFT_APPROACHABLE_CONCURRENCY = YES;
				SWIFT_EMIT_LOC_STRINGS = NO;
				SWIFT_UPCOMING_FEATURE_MEMBER_IMPORT_VISIBILITY = YES;
				SWIFT_VERSION = 5.0;
				TARGETED_DEVICE_FAMILY = "1,2";
				TEST_HOST = "$(BUILT_PRODUCTS_DIR)/WorldCup2026.app/$(BUNDLE_EXECUTABLE_FOLDER_PATH)/WorldCup2026";
			};
			name = Release;
		};
		C3FDAF982F45A8F9000E0FEE /* Debug */ = {
			isa = XCBuildConfiguration;
			buildSettings = {
				CODE_SIGN_STYLE = Automatic;
				CURRENT_PROJECT_VERSION = 1;
				DEVELOPMENT_TEAM = H9A369XBG2;
				GENERATE_INFOPLIST_FILE = YES;
				MARKETING_VERSION = 1.0;
				PRODUCT_BUNDLE_IDENTIFIER = com.mm.WorldCup2026UITests;
				PRODUCT_NAME = "$(TARGET_NAME)";
				STRING_CATALOG_GENERATE_SYMBOLS = NO;
				SWIFT_APPROACHABLE_CONCURRENCY = YES;
				SWIFT_EMIT_LOC_STRINGS = NO;
				SWIFT_UPCOMING_FEATURE_MEMBER_IMPORT_VISIBILITY = YES;
				SWIFT_VERSION = 5.0;
				TARGETED_DEVICE_FAMILY = "1,2";
				TEST_TARGET_NAME = WorldCup2026;
			};
			name = Debug;
		};
		C3FDAF992F45A8F9000E0FEE /* Release */ = {
			isa = XCBuildConfiguration;
			buildSettings = {
				CODE_SIGN_STYLE = Automatic;
				CURRENT_PROJECT_VERSION = 1;
				DEVELOPMENT_TEAM = H9A369XBG2;
				GENERATE_INFOPLIST_FILE = YES;
				MARKETING_VERSION = 1.0;
				PRODUCT_BUNDLE_IDENTIFIER = com.mm.WorldCup2026UITests;
				PRODUCT_NAME = "$(TARGET_NAME)";
				STRING_CATALOG_GENERATE_SYMBOLS = NO;
				SWIFT_APPROACHABLE_CONCURRENCY = YES;
				SWIFT_EMIT_LOC_STRINGS = NO;
				SWIFT_UPCOMING_FEATURE_MEMBER_IMPORT_VISIBILITY = YES;
				SWIFT_VERSION = 5.0;
				TARGETED_DEVICE_FAMILY = "1,2";
				TEST_TARGET_NAME = WorldCup2026;
			};
			name = Release;
		};
/* End XCBuildConfiguration section */

/* Begin XCConfigurationList section */
		C3FDAF6B2F45A8F6000E0FEE /* Build configuration list for PBXProject "WorldCup2026" */ = {
			isa = XCConfigurationList;
			buildConfigurations = (
				C3FDAF8F2F45A8F9000E0FEE /* Debug */,
				C3FDAF902F45A8F9000E0FEE /* Release */,
			);
			defaultConfigurationIsVisible = 0;
			defaultConfigurationName = Release;
		};
		C3FDAF912F45A8F9000E0FEE /* Build configuration list for PBXNativeTarget "WorldCup2026" */ = {
			isa = XCConfigurationList;
			buildConfigurations = (
				C3FDAF922F45A8F9000E0FEE /* Debug */,
				C3FDAF932F45A8F9000E0FEE /* Release */,
			);
			defaultConfigurationIsVisible = 0;
			defaultConfigurationName = Release;
		};
		C3FDAF942F45A8F9000E0FEE /* Build configuration list for PBXNativeTarget "WorldCup2026Tests" */ = {
			isa = XCConfigurationList;
			buildConfigurations = (
				C3FDAF952F45A8F9000E0FEE /* Debug */,
				C3FDAF962F45A8F9000E0FEE /* Release */,
			);
			defaultConfigurationIsVisible = 0;
			defaultConfigurationName = Release;
		};
		C3FDAF972F45A8F9000E0FEE /* Build configuration list for PBXNativeTarget "WorldCup2026UITests" */ = {
			isa = XCConfigurationList;
			buildConfigurations = (
				C3FDAF982F45A8F9000E0FEE /* Debug */,
				C3FDAF992F45A8F9000E0FEE /* Release */,
			);
			defaultConfigurationIsVisible = 0;
			defaultConfigurationName = Release;
		};
/* End XCConfigurationList section */

/* Begin XCRemoteSwiftPackageReference section */
		C30B87B92FD14B6600E6626B /* XCRemoteSwiftPackageReference "swift-package-manager-google-mobile-ads" */ = {
			isa = XCRemoteSwiftPackageReference;
			repositoryURL = "https://github.com/googleads/swift-package-manager-google-mobile-ads.git";
			requirement = {
				kind = upToNextMajorVersion;
				minimumVersion = 13.4.0;
			};
		};
/* End XCRemoteSwiftPackageReference section */

/* Begin XCSwiftPackageProductDependency section */
		C30B87BA2FD14B6600E6626B /* GoogleMobileAds */ = {
			isa = XCSwiftPackageProductDependency;
			package = C30B87B92FD14B6600E6626B /* XCRemoteSwiftPackageReference "swift-package-manager-google-mobile-ads" */;
			productName = GoogleMobileAds;
		};
/* End XCSwiftPackageProductDependency section */
	};
	rootObject = C3FDAF682F45A8F6000E0FEE /* Project object */;
}
